github.com/238Studio/child-nodes-bin-loader v1.0.0 h1:/TQ4DpXvb1ks7WeHwh45l5WzssrhXt9MKbL4mmQzoyI=
github.com/238Studio/child-nodes-bin-loader v1.0.0/go.mod h1:u6FokakYxu2V/FnSuzpbLhf5wyrzsBEj3RzAOKMGljY=
github.com/238Studio/child-nodes-bin-loader v1.0.1 h1:opGO7MYJICOs0iZuMKa6a7/puFwPyN/eKDGgpdF4QmI=
github.com/238Studio/child-nodes-bin-loader v1.0.1/go.mod h1:eytYrXshmrwMwUc1pKC6uGtkQihjfTfKMHn/5k7S7MQ=
